
Microsoft Visual Studio Solution File, Format Version 12.00
# Visual Studio Version 17
VisualStudioVersion = 17.6.33723.286
MinimumVisualStudioVersion = 10.0.40219.1
Project("{9A19103F-16F7-4668-BE54-9A1E7A4F7556}") = "Interfaz", "Interfaz\Interfaz.csproj", "{C5C0B551-2E1F-4D12-9E10-7304C56042BC}"
EndProject
Project("{9A19103F-16F7-4668-BE54-9A1E7A4F7556}") = "Entidades", "Entidades\Entidades.csproj", "{F896B15F-6C87-4E20-BF12-9ADE4D6F77FB}"
EndProject
Project("{FAE04EC0-301F-11D3-BF4B-00C04F79EFBC}") = "TestGenerala", "TestGenerala\TestGenerala.csproj", "{5F1154A4-D0DC-40B7-9A7B-E7050FEFD3AD}"
EndProject
Global
	GlobalSection(SolutionConfigurationPlatforms) = preSolution
		Debug|Any CPU = Debug|Any CPU
		Release|Any CPU = Release|Any CPU
	EndGlobalSection
	GlobalSection(ProjectConfigurationPlatforms) = postSolution
		{C5C0B551-2E1F-4D12-9E10-7304C56042BC}.Debug|Any CPU.ActiveCfg = Debug|Any CPU
		{C5C0B551-2E1F-4D12-9E10-7304C56042BC}.Debug|Any CPU.Build.0 = Debug|Any CPU
		{C5C0B551-2E1F-4D12-9E10-7304C56042BC}.Release|Any CPU.ActiveCfg = Release|Any CPU
		{C5C0B551-2E1F-4D12-9E10-7304C56042BC}.Release|Any CPU.Build.0 = Release|Any CPU
		{F896B15F-6C87-4E20-BF12-9ADE4D6F77FB}.Debug|Any CPU.ActiveCfg = Debug|Any CPU
		{F896B15F-6C87-4E20-BF12-9ADE4D6F77FB}.Debug|Any CPU.Build.0 = Debug|Any CPU
		{F896B15F-6C87-4E20-BF12-9ADE4D6F77FB}.Release|Any CPU.ActiveCfg = Release|Any CPU
		{F896B15F-6C87-4E20-BF12-9ADE4D6F77FB}.Release|Any CPU.Build.0 = Release|Any CPU
		{5F1154A4-D0DC-40B7-9A7B-E7050FEFD3AD}.Debug|Any CPU.ActiveCfg = Debug|Any CPU
		{5F1154A4-D0DC-40B7-9A7B-E7050FEFD3AD}.Debug|Any CPU.Build.0 = Debug|Any CPU
		{5F1154A4-D0DC-40B7-9A7B-E7050FEFD3AD}.Release|Any CPU.ActiveCfg = Release|Any CPU
		{5F1154A4-D0DC-40B7-9A7B-E7050FEFD3AD}.Release|Any CPU.Build.0 = Release|Any CPU
	EndGlobalSection
	GlobalSection(SolutionProperties) = preSolution
		HideSolutionNode = FALSE
	EndGlobalSection
	GlobalSection(ExtensibilityGlobals) = postSolution
		SolutionGuid = {4F04C3A1-963E-4AB7-A093-047357998E9E}
	EndGlobalSection
EndGlobal
